
Microsoft Visual Studio Solution File, Format Version 12.00
# Visual Studio Version 17
VisualStudioVersion = 17.10.35013.160
MinimumVisualStudioVersion = 10.0.40219.1
Project("{FAE04EC0-301F-11D3-BF4B-00C04F79EFBC}") = "ConsoleApp3", "ConsoleApp3.csproj", "{41B51145-7F6C-418E-89E3-022D0E615BBB}"
EndProject
Global
	GlobalSection(SolutionConfigurationPlatforms) = preSolution
		Debug|Any CPU = Debug|Any CPU
		Debug|x64 = Debug|x64
		Debug|x86 = Debug|x86
		Release|Any CPU = Release|Any CPU
		Release|x64 = Release|x64
		Release|x86 = Release|x86
	EndGlobalSection
	GlobalSection(ProjectConfigurationPlatforms) = postSolution
		{41B51145-7F6C-418E-89E3-022D0E615BBB}.Debug|Any CPU.ActiveCfg = Debug|Any CPU
		{41B51145-7F6C-418E-89E3-022D0E615BBB}.Debug|Any CPU.Build.0 = Debug|Any CPU
		{41B51145-7F6C-418E-89E3-022D0E615BBB}.Debug|x64.ActiveCfg = Debug|Any CPU
		{41B51145-7F6C-418E-89E3-022D0E615BBB}.Debug|x64.Build.0 = Debug|Any CPU
		{41B51145-7F6C-418E-89E3-022D0E615BBB}.Debug|x86.ActiveCfg = Debug|Any CPU
		{41B51145-7F6C-418E-89E3-022D0E615BBB}.Debug|x86.Build.0 = Debug|Any CPU
		{41B51145-7F6C-418E-89E3-022D0E615BBB}.Release|Any CPU.ActiveCfg = Release|Any CPU
		{41B51145-7F6C-418E-89E3-022D0E615BBB}.Release|Any CPU.Build.0 = Release|Any CPU
		{41B51145-7F6C-418E-89E3-022D0E615BBB}.Release|x64.ActiveCfg = Release|Any CPU
		{41B51145-7F6C-418E-89E3-022D0E615BBB}.Release|x64.Build.0 = Release|Any CPU
		{41B51145-7F6C-418E-89E3-022D0E615BBB}.Release|x86.ActiveCfg = Release|Any CPU
		{41B51145-7F6C-418E-89E3-022D0E615BBB}.Release|x86.Build.0 = Release|Any CPU
	EndGlobalSection
	GlobalSection(SolutionProperties) = preSolution
		HideSolutionNode = FALSE
	EndGlobalSection
	GlobalSection(ExtensibilityGlobals) = postSolution
		SolutionGuid = {8010B1E1-B6A5-45C0-AF9E-2FF9529F1B4D}
	EndGlobalSection
EndGlobal
